
Microsoft Visual Studio Solution File, Format Version 12.00
# Visual Studio Version 17
VisualStudioVersion = 17.14.36414.22 d17.14
MinimumVisualStudioVersion = 10.0.40219.1
Project("{FAE04EC0-301F-11D3-BF4B-00C04F79EFBC}") = "Wialon Tests", "Wialon Tests.csproj", "{BC2A4311-76CE-4FC9-90E0-1C10EBCE2674}"
EndProject
Global
	GlobalSection(SolutionConfigurationPlatforms) = preSolution
		Debug|Any CPU = Debug|Any CPU
		Release|Any CPU = Release|Any CPU
	EndGlobalSection
	GlobalSection(ProjectConfigurationPlatforms) = postSolution
		{BC2A4311-76CE-4FC9-90E0-1C10EBCE2674}.Debug|Any CPU.ActiveCfg = Debug|Any CPU
		{BC2A4311-76CE-4FC9-90E0-1C10EBCE2674}.Debug|Any CPU.Build.0 = Debug|Any CPU
		{BC2A4311-76CE-4FC9-90E0-1C10EBCE2674}.Release|Any CPU.ActiveCfg = Release|Any CPU
		{BC2A4311-76CE-4FC9-90E0-1C10EBCE2674}.Release|Any CPU.Build.0 = Release|Any CPU
	EndGlobalSection
	GlobalSection(SolutionProperties) = preSolution
		HideSolutionNode = FALSE
	EndGlobalSection
	GlobalSection(ExtensibilityGlobals) = postSolution
		SolutionGuid = {C3EA0543-3C32-47DF-A533-F45E0EAC724B}
	EndGlobalSection
EndGlobal
